
Microsoft Visual Studio Solution File, Format Version 12.00
# Visual Studio Version 16
VisualStudioVersion = 16.0.29926.136
MinimumVisualStudioVersion = 10.0.40219.1
Project("{FAE04EC0-301F-11D3-BF4B-00C04F79EFBC}") = "StockWhole", "StockWhole\StockWhole.csproj", "{83FAA123-AFDF-411E-8E98-3E50B48D192B}"
EndProject
Global
	GlobalSection(SolutionConfigurationPlatforms) = preSolution
		Debug|Any CPU = Debug|Any CPU
		Release|Any CPU = Release|Any CPU
	EndGlobalSection
	GlobalSection(ProjectConfigurationPlatforms) = postSolution
		{83FAA123-AFDF-411E-8E98-3E50B48D192B}.Debug|Any CPU.ActiveCfg = Debug|Any CPU
		{83FAA123-AFDF-411E-8E98-3E50B48D192B}.Debug|Any CPU.Build.0 = Debug|Any CPU
		{83FAA123-AFDF-411E-8E98-3E50B48D192B}.Release|Any CPU.ActiveCfg = Release|Any CPU
		{83FAA123-AFDF-411E-8E98-3E50B48D192B}.Release|Any CPU.Build.0 = Release|Any CPU
	EndGlobalSection
	GlobalSection(SolutionProperties) = preSolution
		HideSolutionNode = FALSE
	EndGlobalSection
	GlobalSection(ExtensibilityGlobals) = postSolution
		SolutionGuid = {1A6830A0-BD38-41B9-8C48-A0E0017F5033}
	EndGlobalSection
EndGlobal
